
Microsoft Visual Studio Solution File, Format Version 12.00
# Visual Studio Version 16
VisualStudioVersion = 16.0.29424.173
MinimumVisualStudioVersion = 10.0.40219.1
Project("{FAE04EC0-301F-11D3-BF4B-00C04F79EFBC}") = "Push", "Push\Push.csproj", "{9E69B37B-006E-457D-B16A-A1761C6A5DA9}"
EndProject
Project("{FAE04EC0-301F-11D3-BF4B-00C04F79EFBC}") = "PushTests", "PushTests\PushTests.csproj", "{9F969C34-336E-451B-8E72-B88EDFB04B1E}"
EndProject
Project("{FAE04EC0-301F-11D3-BF4B-00C04F79EFBC}") = "PushUtility", "PushUtility\PushUtility.csproj", "{4955DEF9-83A0-4729-AFA2-C054C74D7AC1}"
EndProject
Global
	GlobalSection(SolutionConfigurationPlatforms) = preSolution
		Debug|Any CPU = Debug|Any CPU
		Release|Any CPU = Release|Any CPU
	EndGlobalSection
	GlobalSection(ProjectConfigurationPlatforms) = postSolution
		{9E69B37B-006E-457D-B16A-A1761C6A5DA9}.Debug|Any CPU.ActiveCfg = Debug|Any CPU
		{9E69B37B-006E-457D-B16A-A1761C6A5DA9}.Debug|Any CPU.Build.0 = Debug|Any CPU
		{9E69B37B-006E-457D-B16A-A1761C6A5DA9}.Release|Any CPU.ActiveCfg = Release|Any CPU
		{9E69B37B-006E-457D-B16A-A1761C6A5DA9}.Release|Any CPU.Build.0 = Release|Any CPU
		{9F969C34-336E-451B-8E72-B88EDFB04B1E}.Debug|Any CPU.ActiveCfg = Debug|Any CPU
		{9F969C34-336E-451B-8E72-B88EDFB04B1E}.Debug|Any CPU.Build.0 = Debug|Any CPU
		{9F969C34-336E-451B-8E72-B88EDFB04B1E}.Release|Any CPU.ActiveCfg = Release|Any CPU
		{9F969C34-336E-451B-8E72-B88EDFB04B1E}.Release|Any CPU.Build.0 = Release|Any CPU
		{4955DEF9-83A0-4729-AFA2-C054C74D7AC1}.Debug|Any CPU.ActiveCfg = Debug|Any CPU
		{4955DEF9-83A0-4729-AFA2-C054C74D7AC1}.Debug|Any CPU.Build.0 = Debug|Any CPU
		{4955DEF9-83A0-4729-AFA2-C054C74D7AC1}.Release|Any CPU.ActiveCfg = Release|Any CPU
		{4955DEF9-83A0-4729-AFA2-C054C74D7AC1}.Release|Any CPU.Build.0 = Release|Any CPU
	EndGlobalSection
	GlobalSection(SolutionProperties) = preSolution
		HideSolutionNode = FALSE
	EndGlobalSection
	GlobalSection(ExtensibilityGlobals) = postSolution
		SolutionGuid = {B30774C3-437E-434A-BB46-FBAF5BB962A0}
	EndGlobalSection
EndGlobal
